
Microsoft Visual Studio Solution File, Format Version 12.00
# Visual Studio Version 16
VisualStudioVersion = 16.0.31313.79
MinimumVisualStudioVersion = 10.0.40219.1
Project("{FAE04EC0-301F-11D3-BF4B-00C04F79EFBC}") = "WebApplication1", "WebApplication1\WebApplication1.csproj", "{C9D9D484-7EED-41BB-BC03-7343D08A0C6A}"
EndProject
Project("{FAE04EC0-301F-11D3-BF4B-00C04F79EFBC}") = "WebApplication1.Tests", "WebApplication1.Tests\WebApplication1.Tests.csproj", "{6C39A2E6-7AD2-47BB-B971-956313AA51F2}"
EndProject
Global
	GlobalSection(SolutionConfigurationPlatforms) = preSolution
		Debug|Any CPU = Debug|Any CPU
		Release|Any CPU = Release|Any CPU
	EndGlobalSection
	GlobalSection(ProjectConfigurationPlatforms) = postSolution
		{C9D9D484-7EED-41BB-BC03-7343D08A0C6A}.Debug|Any CPU.ActiveCfg = Debug|Any CPU
		{C9D9D484-7EED-41BB-BC03-7343D08A0C6A}.Debug|Any CPU.Build.0 = Debug|Any CPU
		{C9D9D484-7EED-41BB-BC03-7343D08A0C6A}.Release|Any CPU.ActiveCfg = Release|Any CPU
		{C9D9D484-7EED-41BB-BC03-7343D08A0C6A}.Release|Any CPU.Build.0 = Release|Any CPU
		{6C39A2E6-7AD2-47BB-B971-956313AA51F2}.Debug|Any CPU.ActiveCfg = Debug|Any CPU
		{6C39A2E6-7AD2-47BB-B971-956313AA51F2}.Debug|Any CPU.Build.0 = Debug|Any CPU
		{6C39A2E6-7AD2-47BB-B971-956313AA51F2}.Release|Any CPU.ActiveCfg = Release|Any CPU
		{6C39A2E6-7AD2-47BB-B971-956313AA51F2}.Release|Any CPU.Build.0 = Release|Any CPU
	EndGlobalSection
	GlobalSection(SolutionProperties) = preSolution
		HideSolutionNode = FALSE
	EndGlobalSection
	GlobalSection(ExtensibilityGlobals) = postSolution
		SolutionGuid = {49C63551-1FB6-4258-8072-F3EB9A4DEF10}
	EndGlobalSection
EndGlobal
